// !$*UTF8*$!
{
	archiveVersion = 1;
	classes = {
	};
	objectVersion = 56;
	objects = {

/* Begin PBXBuildFile section */
		AC74A33D2A7BA012000A9112 /* AppDelegate.swift in Sources */ = {isa = PBXBuildFile; fileRef = AC74A33C2A7BA012000A9112 /* AppDelegate.swift */; };
		AC74A3412A7BA012000A9112 /* MainViewController.swift in Sources */ = {isa = PBXBuildFile; fileRef = AC74A3402A7BA012000A9112 /* MainViewController.swift */; };
		AC74A3462A7BA013000A9112 /* Assets.xcassets in Resources */ = {isa = PBXBuildFile; fileRef = AC74A3452A7BA013000A9112 /* Assets.xcassets */; };
		AC74A3492A7BA013000A9112 /* LaunchScreen.storyboard in Resources */ = {isa = PBXBuildFile; fileRef = AC74A3472A7BA013000A9112 /* LaunchScreen.storyboard */; };
		AC74A3512A7BB590000A9112 /* Camera.swift in Sources */ = {isa = PBXBuildFile; fileRef = AC74A3502A7BB590000A9112 /* Camera.swift */; };
		AC74A3572A7BC09F000A9112 /* Door.swift in Sources */ = {isa = PBXBuildFile; fileRef = AC74A3562A7BC09F000A9112 /* Door.swift */; };
		AC74A35A2A7C37AA000A9112 /* NetworkManager.swift in Sources */ = {isa = PBXBuildFile; fileRef = AC74A3592A7C37AA000A9112 /* NetworkManager.swift */; };
		AC74A35D2A7C397A000A9112 /* CameraCell.swift in Sources */ = {isa = PBXBuildFile; fileRef = AC74A35C2A7C397A000A9112 /* CameraCell.swift */; };
		AC74A3602A7CE48E000A9112 /* UICollectionViewCell.swift in Sources */ = {isa = PBXBuildFile; fileRef = AC74A35F2A7CE48E000A9112 /* UICollectionViewCell.swift */; };
		AC74A3622A7D0055000A9112 /* SelfConfiguringCell.swift in Sources */ = {isa = PBXBuildFile; fileRef = AC74A3612A7D0055000A9112 /* SelfConfiguringCell.swift */; };
		AC74A3642A7D1473000A9112 /* HeaderCell.swift in Sources */ = {isa = PBXBuildFile; fileRef = AC74A3632A7D1473000A9112 /* HeaderCell.swift */; };
		AC74A3662A7D1510000A9112 /* Category.swift in Sources */ = {isa = PBXBuildFile; fileRef = AC74A3652A7D1510000A9112 /* Category.swift */; };
		AC74A3682A7D1551000A9112 /* DataManager.swift in Sources */ = {isa = PBXBuildFile; fileRef = AC74A3672A7D1551000A9112 /* DataManager.swift */; };
		AC74A36A2A7D195E000A9112 /* Header.swift in Sources */ = {isa = PBXBuildFile; fileRef = AC74A3692A7D195E000A9112 /* Header.swift */; };
		C95586E8241E2AEC53D044C9 /* Pods_DemoDoorsCameras.framework in Frameworks */ = {isa = PBXBuildFile; fileRef = 96CE847F9F557265B1DB234E /* Pods_DemoDoorsCameras.framework */; };
/* End PBXBuildFile section */

/* Begin PBXFileReference section */
		96CE847F9F557265B1DB234E /* Pods_DemoDoorsCameras.framework */ = {isa = PBXFileReference; explicitFileType = wrapper.framework; includeInIndex = 0; path = Pods_DemoDoorsCameras.framework; sourceTree = BUILT_PRODUCTS_DIR; };
		A36919E60BC2AB1195B8F633 /* Pods-DemoDoorsCameras.release.xcconfig */ = {isa = PBXFileReference; includeInIndex = 1; lastKnownFileType = text.xcconfig; name = "Pods-DemoDoorsCameras.release.xcconfig"; path = "Target Support Files/Pods-DemoDoorsCameras/Pods-DemoDoorsCameras.release.xcconfig"; sourceTree = "<group>"; };
		AC74A3392A7BA012000A9112 /* DemoDoorsCameras.app */ = {isa = PBXFileReference; explicitFileType = wrapper.application; includeInIndex = 0; path = DemoDoorsCameras.app; sourceTree = BUILT_PRODUCTS_DIR; };
		AC74A33C2A7BA012000A9112 /* AppDelegate.swift */ = {isa = PBXFileReference; lastKnownFileType = sourcecode.swift; path = AppDelegate.swift; sourceTree = "<group>"; };
		AC74A3402A7BA012000A9112 /* MainViewController.swift */ = {isa = PBXFileReference; lastKnownFileType = sourcecode.swift; path = MainViewController.swift; sourceTree = "<group>"; };
		AC74A3452A7BA013000A9112 /* Assets.xcassets */ = {isa = PBXFileReference; lastKnownFileType = folder.assetcatalog; path = Assets.xcassets; sourceTree = "<group>"; };
		AC74A3482A7BA013000A9112 /* Base */ = {isa = PBXFileReference; lastKnownFileType = file.storyboard; name = Base; path = Base.lproj/LaunchScreen.storyboard; sourceTree = "<group>"; };
		AC74A34A2A7BA013000A9112 /* Info.plist */ = {isa = PBXFileReference; lastKnownFileType = text.plist.xml; path = Info.plist; sourceTree = "<group>"; };
		AC74A3502A7BB590000A9112 /* Camera.swift */ = {isa = PBXFileReference; lastKnownFileType = sourcecode.swift; path = Camera.swift; sourceTree = "<group>"; };
		AC74A3562A7BC09F000A9112 /* Door.swift */ = {isa = PBXFileReference; lastKnownFileType = sourcecode.swift; path = Door.swift; sourceTree = "<group>"; };
		AC74A3592A7C37AA000A9112 /* NetworkManager.swift */ = {isa = PBXFileReference; lastKnownFileType = sourcecode.swift; path = NetworkManager.swift; sourceTree = "<group>"; };
		AC74A35C2A7C397A000A9112 /* CameraCell.swift */ = {isa = PBXFileReference; lastKnownFileType = sourcecode.swift; path = CameraCell.swift; sourceTree = "<group>"; };
		AC74A35F2A7CE48E000A9112 /* UICollectionViewCell.swift */ = {isa = PBXFileReference; lastKnownFileType = sourcecode.swift; path = UICollectionViewCell.swift; sourceTree = "<group>"; };
		AC74A3612A7D0055000A9112 /* SelfConfiguringCell.swift */ = {isa = PBXFileReference; lastKnownFileType = sourcecode.swift; path = SelfConfiguringCell.swift; sourceTree = "<group>"; };
		AC74A3632A7D1473000A9112 /* HeaderCell.swift */ = {isa = PBXFileReference; lastKnownFileType = sourcecode.swift; path = HeaderCell.swift; sourceTree = "<group>"; };
		AC74A3652A7D1510000A9112 /* Category.swift */ = {isa = PBXFileReference; lastKnownFileType = sourcecode.swift; path = Category.swift; sourceTree = "<group>"; };
		AC74A3672A7D1551000A9112 /* DataManager.swift */ = {isa = PBXFileReference; lastKnownFileType = sourcecode.swift; path = DataManager.swift; sourceTree = "<group>"; };
		AC74A3692A7D195E000A9112 /* Header.swift */ = {isa = PBXFileReference; lastKnownFileType = sourcecode.swift; path = Header.swift; sourceTree = "<group>"; };
		CE8B563E1D8BD33D082404F5 /* Pods-DemoDoorsCameras.debug.xcconfig */ = {isa = PBXFileReference; includeInIndex = 1; lastKnownFileType = text.xcconfig; name = "Pods-DemoDoorsCameras.debug.xcconfig"; path = "Target Support Files/Pods-DemoDoorsCameras/Pods-DemoDoorsCameras.debug.xcconfig"; sourceTree = "<group>"; };
/* End PBXFileReference section */

/* Begin PBXFrameworksBuildPhase section */
		AC74A3362A7BA012000A9112 /* Frameworks */ = {
			isa = PBXFrameworksBuildPhase;
			buildActionMask = 2147483647;
			files = (
				C95586E8241E2AEC53D044C9 /* Pods_DemoDoorsCameras.framework in Frameworks */,
			);
			runOnlyForDeploymentPostprocessing = 0;
		};
/* End PBXFrameworksBuildPhase section */

/* Begin PBXGroup section */
		37987A19213E46BEE2E27650 /* Frameworks */ = {
			isa = PBXGroup;
			children = (
				96CE847F9F557265B1DB234E /* Pods_DemoDoorsCameras.framework */,
			);
			name = Frameworks;
			sourceTree = "<group>";
		};
		AC74A3302A7BA012000A9112 = {
			isa = PBXGroup;
			children = (
				AC74A33B2A7BA012000A9112 /* DemoDoorsCameras */,
				AC74A33A2A7BA012000A9112 /* Products */,
				F1C4654C1B84A6BBE1A10960 /* Pods */,
				37987A19213E46BEE2E27650 /* Frameworks */,
			);
			sourceTree = "<group>";
		};
		AC74A33A2A7BA012000A9112 /* Products */ = {
			isa = PBXGroup;
			children = (
				AC74A3392A7BA012000A9112 /* DemoDoorsCameras.app */,
			);
			name = Products;
			sourceTree = "<group>";
		};
		AC74A33B2A7BA012000A9112 /* DemoDoorsCameras */ = {
			isa = PBXGroup;
			children = (
				AC74A3542A7BB89F000A9112 /* ViewControllers */,
				AC74A35B2A7C395D000A9112 /* Views */,
				AC74A3522A7BB595000A9112 /* Models */,
				AC74A35E2A7CE477000A9112 /* Extensions */,
				AC74A3582A7C378C000A9112 /* Services */,
				AC74A3532A7BB898000A9112 /* App */,
				AC74A3552A7BB8DF000A9112 /* Resources */,
			);
			path = DemoDoorsCameras;
			sourceTree = "<group>";
		};
		AC74A3522A7BB595000A9112 /* Models */ = {
			isa = PBXGroup;
			children = (
				AC74A3502A7BB590000A9112 /* Camera.swift */,
				AC74A3562A7BC09F000A9112 /* Door.swift */,
				AC74A3652A7D1510000A9112 /* Category.swift */,
			);
			path = Models;
			sourceTree = "<group>";
		};
		AC74A3532A7BB898000A9112 /* App */ = {
			isa = PBXGroup;
			children = (
				AC74A3472A7BA013000A9112 /* LaunchScreen.storyboard */,
				AC74A33C2A7BA012000A9112 /* AppDelegate.swift */,
				AC74A34A2A7BA013000A9112 /* Info.plist */,
			);
			path = App;
			sourceTree = "<group>";
		};
		AC74A3542A7BB89F000A9112 /* ViewControllers */ = {
			isa = PBXGroup;
			children = (
				AC74A3402A7BA012000A9112 /* MainViewController.swift */,
			);
			path = ViewControllers;
			sourceTree = "<group>";
		};
		AC74A3552A7BB8DF000A9112 /* Resources */ = {
			isa = PBXGroup;
			children = (
				AC74A3452A7BA013000A9112 /* Assets.xcassets */,
			);
			path = Resources;
			sourceTree = "<group>";
		};
		AC74A3582A7C378C000A9112 /* Services */ = {
			isa = PBXGroup;
			children = (
				AC74A3592A7C37AA000A9112 /* NetworkManager.swift */,
				AC74A3672A7D1551000A9112 /* DataManager.swift */,
			);
			path = Services;
			sourceTree = "<group>";
		};
		AC74A35B2A7C395D000A9112 /* Views */ = {
			isa = PBXGroup;
			children = (
				AC74A36B2A7D2CAD000A9112 /* Header */,
				AC74A35C2A7C397A000A9112 /* CameraCell.swift */,
				AC74A3612A7D0055000A9112 /* SelfConfiguringCell.swift */,
			);
			path = Views;
			sourceTree = "<group>";
		};
		AC74A35E2A7CE477000A9112 /* Extensions */ = {
			isa = PBXGroup;
			children = (
				AC74A35F2A7CE48E000A9112 /* UICollectionViewCell.swift */,
			);
			path = Extensions;
			sourceTree = "<group>";
		};
		AC74A36B2A7D2CAD000A9112 /* Header */ = {
			isa = PBXGroup;
			children = (
				AC74A3692A7D195E000A9112 /* Header.swift */,
				AC74A3632A7D1473000A9112 /* HeaderCell.swift */,
			);
			path = Header;
			sourceTree = "<group>";
		};
		F1C4654C1B84A6BBE1A10960 /* Pods */ = {
			isa = PBXGroup;
			children = (
				CE8B563E1D8BD33D082404F5 /* Pods-DemoDoorsCameras.debug.xcconfig */,
				A36919E60BC2AB1195B8F633 /* Pods-DemoDoorsCameras.release.xcconfig */,
			);
			path = Pods;
			sourceTree = "<group>";
		};
/* End PBXGroup section */

/* Begin PBXNativeTarget section */
		AC74A3382A7BA012000A9112 /* DemoDoorsCameras */ = {
			isa = PBXNativeTarget;
			buildConfigurationList = AC74A34D2A7BA013000A9112 /* Build configuration list for PBXNativeTarget "DemoDoorsCameras" */;
			buildPhases = (
				3546555A00AD484B428F427F /* [CP] Check Pods Manifest.lock */,
				AC74A3352A7BA012000A9112 /* Sources */,
				AC74A3362A7BA012000A9112 /* Frameworks */,
				AC74A3372A7BA012000A9112 /* Resources */,
				BA0D900E67EEAFB695CEBC47 /* [CP] Embed Pods Frameworks */,
			);
			buildRules = (
			);
			dependencies = (
			);
			name = DemoDoorsCameras;
			productName = DemoDoorsCameras;
			productReference = AC74A3392A7BA012000A9112 /* DemoDoorsCameras.app */;
			productType = "com.apple.product-type.application";
		};
/* End PBXNativeTarget section */

/* Begin PBXProject section */
		AC74A3312A7BA012000A9112 /* Project object */ = {
			isa = PBXProject;
			attributes = {
				BuildIndependentTargetsInParallel = 1;
				LastSwiftUpdateCheck = 1430;
				LastUpgradeCheck = 1430;
				TargetAttributes = {
					AC74A3382A7BA012000A9112 = {
						CreatedOnToolsVersion = 14.3.1;
					};
				};
			};
			buildConfigurationList = AC74A3342A7BA012000A9112 /* Build configuration list for PBXProject "DemoDoorsCameras" */;
			compatibilityVersion = "Xcode 14.0";
			developmentRegion = en;
			hasScannedForEncodings = 0;
			knownRegions = (
				en,
				Base,
			);
			mainGroup = AC74A3302A7BA012000A9112;
			productRefGroup = AC74A33A2A7BA012000A9112 /* Products */;
			projectDirPath = "";
			projectRoot = "";
			targets = (
				AC74A3382A7BA012000A9112 /* DemoDoorsCameras */,
			);
		};
/* End PBXProject section */

/* Begin PBXResourcesBuildPhase section */
		AC74A3372A7BA012000A9112 /* Resources */ = {
			isa = PBXResourcesBuildPhase;
			buildActionMask = 2147483647;
			files = (
				AC74A3492A7BA013000A9112 /* LaunchScreen.storyboard in Resources */,
				AC74A3462A7BA013000A9112 /* Assets.xcassets in Resources */,
			);
			runOnlyForDeploymentPostprocessing = 0;
		};
/* End PBXResourcesBuildPhase section */

/* Begin PBXShellScriptBuildPhase section */
		3546555A00AD484B428F427F /* [CP] Check Pods Manifest.lock */ = {
			isa = PBXShellScriptBuildPhase;
			buildActionMask = 2147483647;
			files = (
			);
			inputFileListPaths = (
			);
			inputPaths = (
				"${PODS_PODFILE_DIR_PATH}/Podfile.lock",
				"${PODS_ROOT}/Manifest.lock",
			);
			name = "[CP] Check Pods Manifest.lock";
			outputFileListPaths = (
			);
			outputPaths = (
				"$(DERIVED_FILE_DIR)/Pods-DemoDoorsCameras-checkManifestLockResult.txt",
			);
			runOnlyForDeploymentPostprocessing = 0;
			shellPath = /bin/sh;
			shellScript = "diff \"${PODS_PODFILE_DIR_PATH}/Podfile.lock\" \"${PODS_ROOT}/Manifest.lock\" > /dev/null\nif [ $? != 0 ] ; then\n    # print error to STDERR\n    echo \"error: The sandbox is not in sync with the Podfile.lock. Run 'pod install' or update your CocoaPods installation.\" >&2\n    exit 1\nfi\n# This output is used by Xcode 'outputs' to avoid re-running this script phase.\necho \"SUCCESS\" > \"${SCRIPT_OUTPUT_FILE_0}\"\n";
			showEnvVarsInLog = 0;
		};
		BA0D900E67EEAFB695CEBC47 /* [CP] Embed Pods Frameworks */ = {
			isa = PBXShellScriptBuildPhase;
			buildActionMask = 2147483647;
			files = (
			);
			inputFileListPaths = (
				"${PODS_ROOT}/Target Support Files/Pods-DemoDoorsCameras/Pods-DemoDoorsCameras-frameworks-${CONFIGURATION}-input-files.xcfilelist",
			);
			name = "[CP] Embed Pods Frameworks";
			outputFileListPaths = (
				"${PODS_ROOT}/Target Support Files/Pods-DemoDoorsCameras/Pods-DemoDoorsCameras-frameworks-${CONFIGURATION}-output-files.xcfilelist",
			);
			runOnlyForDeploymentPostprocessing = 0;
			shellPath = /bin/sh;
			shellScript = "\"${PODS_ROOT}/Target Support Files/Pods-DemoDoorsCameras/Pods-DemoDoorsCameras-frameworks.sh\"\n";
			showEnvVarsInLog = 0;
		};
/* End PBXShellScriptBuildPhase section */

/* Begin PBXSourcesBuildPhase section */
		AC74A3352A7BA012000A9112 /* Sources */ = {
			isa = PBXSourcesBuildPhase;
			buildActionMask = 2147483647;
			files = (
				AC74A35A2A7C37AA000A9112 /* NetworkManager.swift in Sources */,
				AC74A3662A7D1510000A9112 /* Category.swift in Sources */,
				AC74A3622A7D0055000A9112 /* SelfConfiguringCell.swift in Sources */,
				AC74A3602A7CE48E000A9112 /* UICollectionViewCell.swift in Sources */,
				AC74A36A2A7D195E000A9112 /* Header.swift in Sources */,
				AC74A35D2A7C397A000A9112 /* CameraCell.swift in Sources */,
				AC74A3642A7D1473000A9112 /* HeaderCell.swift in Sources */,
				AC74A3512A7BB590000A9112 /* Camera.swift in Sources */,
				AC74A3412A7BA012000A9112 /* MainViewController.swift in Sources */,
				AC74A3682A7D1551000A9112 /* DataManager.swift in Sources */,
				AC74A33D2A7BA012000A9112 /* AppDelegate.swift in Sources */,
				AC74A3572A7BC09F000A9112 /* Door.swift in Sources */,
			);
			runOnlyForDeploymentPostprocessing = 0;
		};
/* End PBXSourcesBuildPhase section */

/* Begin PBXVariantGroup section */
		AC74A3472A7BA013000A9112 /* LaunchScreen.storyboard */ = {
			isa = PBXVariantGroup;
			children = (
				AC74A3482A7BA013000A9112 /* Base */,
			);
			name = LaunchScreen.storyboard;
			sourceTree = "<group>";
		};
/* End PBXVariantGroup section */

/* Begin XCBuildConfiguration section */
		AC74A34B2A7BA013000A9112 /* Debug */ = {
			isa = XCBuildConfiguration;
			buildSettings = {
				ALWAYS_SEARCH_USER_PATHS = NO;
				CLANG_ANALYZER_NONNULL = YES;
				CLANG_ANALYZER_NUMBER_OBJECT_CONVERSION = YES_AGGRESSIVE;
				CLANG_CXX_LANGUAGE_STANDARD = "gnu++20";
				CLANG_ENABLE_MODULES = YES;
				CLANG_ENABLE_OBJC_ARC = YES;
				CLANG_ENABLE_OBJC_WEAK = YES;
				CLANG_WARN_BLOCK_CAPTURE_AUTORELEASING = YES;
				CLANG_WARN_BOOL_CONVERSION = YES;
				CLANG_WARN_COMMA = YES;
				CLANG_WARN_CONSTANT_CONVERSION = YES;
				CLANG_WARN_DEPRECATED_OBJC_IMPLEMENTATIONS = YES;
				CLANG_WARN_DIRECT_OBJC_ISA_USAGE = YES_ERROR;
				CLANG_WARN_DOCUMENTATION_COMMENTS = YES;
				CLANG_WARN_EMPTY_BODY = YES;
				CLANG_WARN_ENUM_CONVERSION = YES;
				CLANG_WARN_INFINITE_RECURSION = YES;
				CLANG_WARN_INT_CONVERSION = YES;
				CLANG_WARN_NON_LITERAL_NULL_CONVERSION = YES;
				CLANG_WARN_OBJC_IMPLICIT_RETAIN_SELF = YES;
				CLANG_WARN_OBJC_LITERAL_CONVERSION = YES;
				CLANG_WARN_OBJC_ROOT_CLASS = YES_ERROR;
				CLANG_WARN_QUOTED_INCLUDE_IN_FRAMEWORK_HEADER = YES;
				CLANG_WARN_RANGE_LOOP_ANALYSIS = YES;
				CLANG_WARN_STRICT_PROTOTYPES = YES;
				CLANG_WARN_SUSPICIOUS_MOVE = YES;
				CLANG_WARN_UNGUARDED_AVAILABILITY = YES_AGGRESSIVE;
				CLANG_WARN_UNREACHABLE_CODE = YES;
				CLANG_WARN__DUPLICATE_METHOD_MATCH = YES;
				COPY_PHASE_STRIP = NO;
				DEBUG_INFORMATION_FORMAT = dwarf;
				ENABLE_STRICT_OBJC_MSGSEND = YES;
				ENABLE_TESTABILITY = YES;
				GCC_C_LANGUAGE_STANDARD = gnu11;
				GCC_DYNAMIC_NO_PIC = NO;
				GCC_NO_COMMON_BLOCKS = YES;
				GCC_OPTIMIZATION_LEVEL = 0;
				GCC_PREPROCESSOR_DEFINITIONS = (
					"DEBUG=1",
					"$(inherited)",
				);
				GCC_WARN_64_TO_32_BIT_CONVERSION = YES;
				GCC_WARN_ABOUT_RETURN_TYPE = YES_ERROR;
				GCC_WARN_UNDECLARED_SELECTOR = YES;
				GCC_WARN_UNINITIALIZED_AUTOS = YES_AGGRESSIVE;
				GCC_WARN_UNUSED_FUNCTION = YES;
				GCC_WARN_UNUSED_VARIABLE = YES;
				IPHONEOS_DEPLOYMENT_TARGET = 16.4;
				MTL_ENABLE_DEBUG_INFO = INCLUDE_SOURCE;
				MTL_FAST_MATH = YES;
				ONLY_ACTIVE_ARCH = YES;
				SDKROOT = iphoneos;
				SWIFT_ACTIVE_COMPILATION_CONDITIONS = DEBUG;
				SWIFT_OPTIMIZATION_LEVEL = "-Onone";
			};
			name = Debug;
		};
		AC74A34C2A7BA013000A9112 /* Release */ = {
			isa = XCBuildConfiguration;
			buildSettings = {
				ALWAYS_SEARCH_USER_PATHS = NO;
				CLANG_ANALYZER_NONNULL = YES;
				CLANG_ANALYZER_NUMBER_OBJECT_CONVERSION = YES_AGGRESSIVE;
				CLANG_CXX_LANGUAGE_STANDARD = "gnu++20";
				CLANG_ENABLE_MODULES = YES;
				CLANG_ENABLE_OBJC_ARC = YES;
				CLANG_ENABLE_OBJC_WEAK = YES;
				CLANG_WARN_BLOCK_CAPTURE_AUTORELEASING = YES;
				CLANG_WARN_BOOL_CONVERSION = YES;
				CLANG_WARN_COMMA = YES;
				CLANG_WARN_CONSTANT_CONVERSION = YES;
				CLANG_WARN_DEPRECATED_OBJC_IMPLEMENTATIONS = YES;
				CLANG_WARN_DIRECT_OBJC_ISA_USAGE = YES_ERROR;
				CLANG_WARN_DOCUMENTATION_COMMENTS = YES;
				CLANG_WARN_EMPTY_BODY = YES;
				CLANG_WARN_ENUM_CONVERSION = YES;
				CLANG_WARN_INFINITE_RECURSION = YES;
				CLANG_WARN_INT_CONVERSION = YES;
				CLANG_WARN_NON_LITERAL_NULL_CONVERSION = YES;
				CLANG_WARN_OBJC_IMPLICIT_RETAIN_SELF = YES;
				CLANG_WARN_OBJC_LITERAL_CONVERSION = YES;
				CLANG_WARN_OBJC_ROOT_CLASS = YES_ERROR;
				CLANG_WARN_QUOTED_INCLUDE_IN_FRAMEWORK_HEADER = YES;
				CLANG_WARN_RANGE_LOOP_ANALYSIS = YES;
				CLANG_WARN_STRICT_PROTOTYPES = YES;
				CLANG_WARN_SUSPICIOUS_MOVE = YES;
				CLANG_WARN_UNGUARDED_AVAILABILITY = YES_AGGRESSIVE;
				CLANG_WARN_UNREACHABLE_CODE = YES;
				CLANG_WARN__DUPLICATE_METHOD_MATCH = YES;
				COPY_PHASE_STRIP = NO;
				DEBUG_INFORMATION_FORMAT = "dwarf-with-dsym";
				ENABLE_NS_ASSERTIONS = NO;
				ENABLE_STRICT_OBJC_MSGSEND = YES;
				GCC_C_LANGUAGE_STANDARD = gnu11;
				GCC_NO_COMMON_BLOCKS = YES;
				GCC_WARN_64_TO_32_BIT_CONVERSION = YES;
				GCC_WARN_ABOUT_RETURN_TYPE = YES_ERROR;
				GCC_WARN_UNDECLARED_SELECTOR = YES;
				GCC_WARN_UNINITIALIZED_AUTOS = YES_AGGRESSIVE;
				GCC_WARN_UNUSED_FUNCTION = YES;
				GCC_WARN_UNUSED_VARIABLE = YES;
				IPHONEOS_DEPLOYMENT_TARGET = 16.4;
				MTL_ENABLE_DEBUG_INFO = NO;
				MTL_FAST_MATH = YES;
				SDKROOT = iphoneos;
				SWIFT_COMPILATION_MODE = wholemodule;
				SWIFT_OPTIMIZATION_LEVEL = "-O";
				VALIDATE_PRODUCT = YES;
			};
			name = Release;
		};
		AC74A34E2A7BA013000A9112 /* Debug */ = {
			isa = XCBuildConfiguration;
			baseConfigurationReference = CE8B563E1D8BD33D082404F5 /* Pods-DemoDoorsCameras.debug.xcconfig */;
			buildSettings = {
				ASSETCATALOG_COMPILER_APPICON_NAME = AppIcon;
				ASSETCATALOG_COMPILER_GLOBAL_ACCENT_COLOR_NAME = AccentColor;
				CODE_SIGN_STYLE = Automatic;
				CURRENT_PROJECT_VERSION = 1;
				DEVELOPMENT_TEAM = QQ7NB58NL6;
				GENERATE_INFOPLIST_FILE = YES;
				INFOPLIST_FILE = DemoDoorsCameras/App/Info.plist;
				INFOPLIST_KEY_UIApplicationSupportsIndirectInputEvents = YES;
				INFOPLIST_KEY_UILaunchStoryboardName = LaunchScreen;
				INFOPLIST_KEY_UISupportedInterfaceOrientations_iPad = "UIInterfaceOrientationPortrait UIInterfaceOrientationPortraitUpsideDown UIInterfaceOrientationLandscapeLeft UIInterfaceOrientationLandscapeRight";
				INFOPLIST_KEY_UISupportedInterfaceOrientations_iPhone = "UIInterfaceOrientationPortrait UIInterfaceOrientationLandscapeLeft UIInterfaceOrientationLandscapeRight";
				LD_RUNPATH_SEARCH_PATHS = (
					"$(inherited)",
					"@executable_path/Frameworks",
				);
				MARKETING_VERSION = 1.0;
				PRODUCT_BUNDLE_IDENTIFIER = PavlovAA.DemoDoorsCameras;
				PRODUCT_NAME = "$(TARGET_NAME)";
				SWIFT_EMIT_LOC_STRINGS = YES;
				SWIFT_VERSION = 5.0;
				TARGETED_DEVICE_FAMILY = "1,2";
			};
			name = Debug;
		};
		AC74A34F2A7BA013000A9112 /* Release */ = {
			isa = XCBuildConfiguration;
			baseConfigurationReference = A36919E60BC2AB1195B8F633 /* Pods-DemoDoorsCameras.release.xcconfig */;
			buildSettings = {
				ASSETCATALOG_COMPILER_APPICON_NAME = AppIcon;
				ASSETCATALOG_COMPILER_GLOBAL_ACCENT_COLOR_NAME = AccentColor;
				CODE_SIGN_STYLE = Automatic;
				CURRENT_PROJECT_VERSION = 1;
				DEVELOPMENT_TEAM = QQ7NB58NL6;
				GENERATE_INFOPLIST_FILE = YES;
				INFOPLIST_FILE = DemoDoorsCameras/App/Info.plist;
				INFOPLIST_KEY_UIApplicationSupportsIndirectInputEvents = YES;
				INFOPLIST_KEY_UILaunchStoryboardName = LaunchScreen;
				INFOPLIST_KEY_UISupportedInterfaceOrientations_iPad = "UIInterfaceOrientationPortrait UIInterfaceOrientationPortraitUpsideDown UIInterfaceOrientationLandscapeLeft UIInterfaceOrientationLandscapeRight";
				INFOPLIST_KEY_UISupportedInterfaceOrientations_iPhone = "UIInterfaceOrientationPortrait UIInterfaceOrientationLandscapeLeft UIInterfaceOrientationLandscapeRight";
				LD_RUNPATH_SEARCH_PATHS = (
					"$(inherited)",
					"@executable_path/Frameworks",
				);
				MARKETING_VERSION = 1.0;
				PRODUCT_BUNDLE_IDENTIFIER = PavlovAA.DemoDoorsCameras;
				PRODUCT_NAME = "$(TARGET_NAME)";
				SWIFT_EMIT_LOC_STRINGS = YES;
				SWIFT_VERSION = 5.0;
				TARGETED_DEVICE_FAMILY = "1,2";
			};
			name = Release;
		};
/* End XCBuildConfiguration section */

/* Begin XCConfigurationList section */
		AC74A3342A7BA012000A9112 /* Build configuration list for PBXProject "DemoDoorsCameras" */ = {
			isa = XCConfigurationList;
			buildConfigurations = (
				AC74A34B2A7BA013000A9112 /* Debug */,
				AC74A34C2A7BA013000A9112 /* Release */,
			);
			defaultConfigurationIsVisible = 0;
			defaultConfigurationName = Release;
		};
		AC74A34D2A7BA013000A9112 /* Build configuration list for PBXNativeTarget "DemoDoorsCameras" */ = {
			isa = XCConfigurationList;
			buildConfigurations = (
				AC74A34E2A7BA013000A9112 /* Debug */,
				AC74A34F2A7BA013000A9112 /* Release */,
			);
			defaultConfigurationIsVisible = 0;
			defaultConfigurationName = Release;
		};
/* End XCConfigurationList section */
	};
	rootObject = AC74A3312A7BA012000A9112 /* Project object */;
}
